
Microsoft Visual Studio Solution File, Format Version 12.00
# Visual Studio Version 16
VisualStudioVersion = 16.0.29519.87
MinimumVisualStudioVersion = 10.0.40219.1
Project("{FAE04EC0-301F-11D3-BF4B-00C04F79EFBC}") = "IGAutoScraper", "IGAutoScraper.csproj", "{012698AE-1F42-4666-812C-101F82FD87BE}"
EndProject
Global
	GlobalSection(SolutionConfigurationPlatforms) = preSolution
		Debug|Any CPU = Debug|Any CPU
		Release|Any CPU = Release|Any CPU
	EndGlobalSection
	GlobalSection(ProjectConfigurationPlatforms) = postSolution
		{012698AE-1F42-4666-812C-101F82FD87BE}.Debug|Any CPU.ActiveCfg = Debug|Any CPU
		{012698AE-1F42-4666-812C-101F82FD87BE}.Debug|Any CPU.Build.0 = Debug|Any CPU
		{012698AE-1F42-4666-812C-101F82FD87BE}.Release|Any CPU.ActiveCfg = Release|Any CPU
		{012698AE-1F42-4666-812C-101F82FD87BE}.Release|Any CPU.Build.0 = Release|Any CPU
	EndGlobalSection
	GlobalSection(SolutionProperties) = preSolution
		HideSolutionNode = FALSE
	EndGlobalSection
	GlobalSection(ExtensibilityGlobals) = postSolution
		SolutionGuid = {037D9D9A-2E87-4D07-814B-4C212E6A26B0}
	EndGlobalSection
EndGlobal
